// !$*UTF8*$!
{
	archiveVersion = 1;
	classes = {
	};
	objectVersion = 50;
	objects = {

/* Begin PBXBuildFile section */
		048C13D926074A3500EBCF95 /* BookWorm_2_App.swift in Sources */ = {isa = PBXBuildFile; fileRef = 048C13D826074A3500EBCF95 /* BookWorm_2_App.swift */; };
		048C13DB26074A3500EBCF95 /* ContentView.swift in Sources */ = {isa = PBXBuildFile; fileRef = 048C13DA26074A3500EBCF95 /* ContentView.swift */; };
		048C13DD26074A3600EBCF95 /* Assets.xcassets in Resources */ = {isa = PBXBuildFile; fileRef = 048C13DC26074A3600EBCF95 /* Assets.xcassets */; };
		048C13E026074A3600EBCF95 /* Preview Assets.xcassets in Resources */ = {isa = PBXBuildFile; fileRef = 048C13DF26074A3600EBCF95 /* Preview Assets.xcassets */; };
		048C13EA26074B3800EBCF95 /* BookWorm.xcdatamodeld in Sources */ = {isa = PBXBuildFile; fileRef = 048C13E826074B3800EBCF95 /* BookWorm.xcdatamodeld */; };
		048C13ED26074B5300EBCF95 /* Persistent.swift in Sources */ = {isa = PBXBuildFile; fileRef = 048C13EC26074B5300EBCF95 /* Persistent.swift */; };
		048C13F026074BFE00EBCF95 /* BookWorm.swift in Sources */ = {isa = PBXBuildFile; fileRef = 048C13EF26074BFE00EBCF95 /* BookWorm.swift */; };
		048C13F326074C7300EBCF95 /* AddBookView.swift in Sources */ = {isa = PBXBuildFile; fileRef = 048C13F226074C7300EBCF95 /* AddBookView.swift */; };
		048C13F62607563200EBCF95 /* RatingView.swift in Sources */ = {isa = PBXBuildFile; fileRef = 048C13F52607563200EBCF95 /* RatingView.swift */; };
		048C13F926075B7A00EBCF95 /* EmojiRatingView.swift in Sources */ = {isa = PBXBuildFile; fileRef = 048C13F826075B7A00EBCF95 /* EmojiRatingView.swift */; };
		048C13FD260764A900EBCF95 /* DetailView.swift in Sources */ = {isa = PBXBuildFile; fileRef = 048C13FC260764A900EBCF95 /* DetailView.swift */; };
/* End PBXBuildFile section */

/* Begin PBXFileReference section */
		048C13D526074A3500EBCF95 /* BookWorm_2_.app */ = {isa = PBXFileReference; explicitFileType = wrapper.application; includeInIndex = 0; path = BookWorm_2_.app; sourceTree = BUILT_PRODUCTS_DIR; };
		048C13D826074A3500EBCF95 /* BookWorm_2_App.swift */ = {isa = PBXFileReference; lastKnownFileType = sourcecode.swift; path = BookWorm_2_App.swift; sourceTree = "<group>"; };
		048C13DA26074A3500EBCF95 /* ContentView.swift */ = {isa = PBXFileReference; lastKnownFileType = sourcecode.swift; path = ContentView.swift; sourceTree = "<group>"; };
		048C13DC26074A3600EBCF95 /* Assets.xcassets */ = {isa = PBXFileReference; lastKnownFileType = folder.assetcatalog; path = Assets.xcassets; sourceTree = "<group>"; };
		048C13DF26074A3600EBCF95 /* Preview Assets.xcassets */ = {isa = PBXFileReference; lastKnownFileType = folder.assetcatalog; path = "Preview Assets.xcassets"; sourceTree = "<group>"; };
		048C13E126074A3600EBCF95 /* Info.plist */ = {isa = PBXFileReference; lastKnownFileType = text.plist.xml; path = Info.plist; sourceTree = "<group>"; };
		048C13E926074B3800EBCF95 /* BookWorm.xcdatamodel */ = {isa = PBXFileReference; lastKnownFileType = wrapper.xcdatamodel; path = BookWorm.xcdatamodel; sourceTree = "<group>"; };
		048C13EC26074B5300EBCF95 /* Persistent.swift */ = {isa = PBXFileReference; lastKnownFileType = sourcecode.swift; path = Persistent.swift; sourceTree = "<group>"; };
		048C13EF26074BFE00EBCF95 /* BookWorm.swift */ = {isa = PBXFileReference; lastKnownFileType = sourcecode.swift; path = BookWorm.swift; sourceTree = "<group>"; };
		048C13F226074C7300EBCF95 /* AddBookView.swift */ = {isa = PBXFileReference; lastKnownFileType = sourcecode.swift; path = AddBookView.swift; sourceTree = "<group>"; };
		048C13F52607563200EBCF95 /* RatingView.swift */ = {isa = PBXFileReference; lastKnownFileType = sourcecode.swift; path = RatingView.swift; sourceTree = "<group>"; };
		048C13F826075B7A00EBCF95 /* EmojiRatingView.swift */ = {isa = PBXFileReference; lastKnownFileType = sourcecode.swift; path = EmojiRatingView.swift; sourceTree = "<group>"; };
		048C13FC260764A900EBCF95 /* DetailView.swift */ = {isa = PBXFileReference; lastKnownFileType = sourcecode.swift; path = DetailView.swift; sourceTree = "<group>"; };
/* End PBXFileReference section */

/* Begin PBXFrameworksBuildPhase section */
		048C13D226074A3500EBCF95 /* Frameworks */ = {
			isa = PBXFrameworksBuildPhase;
			buildActionMask = 2147483647;
			files = (
			);
			runOnlyForDeploymentPostprocessing = 0;
		};
/* End PBXFrameworksBuildPhase section */

/* Begin PBXGroup section */
		048C13CC26074A3500EBCF95 = {
			isa = PBXGroup;
			children = (
				048C13D726074A3500EBCF95 /* BookWorm_2_ */,
				048C13D626074A3500EBCF95 /* Products */,
			);
			sourceTree = "<group>";
		};
		048C13D626074A3500EBCF95 /* Products */ = {
			isa = PBXGroup;
			children = (
				048C13D526074A3500EBCF95 /* BookWorm_2_.app */,
			);
			name = Products;
			sourceTree = "<group>";
		};
		048C13D726074A3500EBCF95 /* BookWorm_2_ */ = {
			isa = PBXGroup;
			children = (
				048C13D826074A3500EBCF95 /* BookWorm_2_App.swift */,
				048C13DA26074A3500EBCF95 /* ContentView.swift */,
				048C13EF26074BFE00EBCF95 /* BookWorm.swift */,
				048C13FC260764A900EBCF95 /* DetailView.swift */,
				048C13F826075B7A00EBCF95 /* EmojiRatingView.swift */,
				048C13F52607563200EBCF95 /* RatingView.swift */,
				048C13F226074C7300EBCF95 /* AddBookView.swift */,
				048C13E826074B3800EBCF95 /* BookWorm.xcdatamodeld */,
				048C13EC26074B5300EBCF95 /* Persistent.swift */,
				048C13DC26074A3600EBCF95 /* Assets.xcassets */,
				048C13E126074A3600EBCF95 /* Info.plist */,
				048C13DE26074A3600EBCF95 /* Preview Content */,
			);
			path = BookWorm_2_;
			sourceTree = "<group>";
		};
		048C13DE26074A3600EBCF95 /* Preview Content */ = {
			isa = PBXGroup;
			children = (
				048C13DF26074A3600EBCF95 /* Preview Assets.xcassets */,
			);
			path = "Preview Content";
			sourceTree = "<group>";
		};
/* End PBXGroup section */

/* Begin PBXNativeTarget section */
		048C13D426074A3500EBCF95 /* BookWorm_2_ */ = {
			isa = PBXNativeTarget;
			buildConfigurationList = 048C13E426074A3600EBCF95 /* Build configuration list for PBXNativeTarget "BookWorm_2_" */;
			buildPhases = (
				048C13D126074A3500EBCF95 /* Sources */,
				048C13D226074A3500EBCF95 /* Frameworks */,
				048C13D326074A3500EBCF95 /* Resources */,
			);
			buildRules = (
			);
			dependencies = (
			);
			name = BookWorm_2_;
			productName = BookWorm_2_;
			productReference = 048C13D526074A3500EBCF95 /* BookWorm_2_.app */;
			productType = "com.apple.product-type.application";
		};
/* End PBXNativeTarget section */

/* Begin PBXProject section */
		048C13CD26074A3500EBCF95 /* Project object */ = {
			isa = PBXProject;
			attributes = {
				LastSwiftUpdateCheck = 1220;
				LastUpgradeCheck = 1220;
				TargetAttributes = {
					048C13D426074A3500EBCF95 = {
						CreatedOnToolsVersion = 12.2;
					};
				};
			};
			buildConfigurationList = 048C13D026074A3500EBCF95 /* Build configuration list for PBXProject "BookWorm_2_" */;
			compatibilityVersion = "Xcode 9.3";
			developmentRegion = en;
			hasScannedForEncodings = 0;
			knownRegions = (
				en,
				Base,
			);
			mainGroup = 048C13CC26074A3500EBCF95;
			productRefGroup = 048C13D626074A3500EBCF95 /* Products */;
			projectDirPath = "";
			projectRoot = "";
			targets = (
				048C13D426074A3500EBCF95 /* BookWorm_2_ */,
			);
		};
/* End PBXProject section */

/* Begin PBXResourcesBuildPhase section */
		048C13D326074A3500EBCF95 /* Resources */ = {
			isa = PBXResourcesBuildPhase;
			buildActionMask = 2147483647;
			files = (
				048C13E026074A3600EBCF95 /* Preview Assets.xcassets in Resources */,
				048C13DD26074A3600EBCF95 /* Assets.xcassets in Resources */,
			);
			runOnlyForDeploymentPostprocessing = 0;
		};
/* End PBXResourcesBuildPhase section */

/* Begin PBXSourcesBuildPhase section */
		048C13D126074A3500EBCF95 /* Sources */ = {
			isa = PBXSourcesBuildPhase;
			buildActionMask = 2147483647;
			files = (
				048C13ED26074B5300EBCF95 /* Persistent.swift in Sources */,
				048C13FD260764A900EBCF95 /* DetailView.swift in Sources */,
				048C13F326074C7300EBCF95 /* AddBookView.swift in Sources */,
				048C13EA26074B3800EBCF95 /* BookWorm.xcdatamodeld in Sources */,
				048C13DB26074A3500EBCF95 /* ContentView.swift in Sources */,
				048C13F926075B7A00EBCF95 /* EmojiRatingView.swift in Sources */,
				048C13F026074BFE00EBCF95 /* BookWorm.swift in Sources */,
				048C13D926074A3500EBCF95 /* BookWorm_2_App.swift in Sources */,
				048C13F62607563200EBCF95 /* RatingView.swift in Sources */,
			);
			runOnlyForDeploymentPostprocessing = 0;
		};
/* End PBXSourcesBuildPhase section */

/* Begin XCBuildConfiguration section */
		048C13E226074A3600EBCF95 /* Debug */ = {
			isa = XCBuildConfiguration;
			buildSettings = {
				ALWAYS_SEARCH_USER_PATHS = NO;
				CLANG_ANALYZER_NONNULL = YES;
				CLANG_ANALYZER_NUMBER_OBJECT_CONVERSION = YES_AGGRESSIVE;
				CLANG_CXX_LANGUAGE_STANDARD = "gnu++14";
				CLANG_CXX_LIBRARY = "libc++";
				CLANG_ENABLE_MODULES = YES;
				CLANG_ENABLE_OBJC_ARC = YES;
				CLANG_ENABLE_OBJC_WEAK = YES;
				CLANG_WARN_BLOCK_CAPTURE_AUTORELEASING = YES;
				CLANG_WARN_BOOL_CONVERSION = YES;
				CLANG_WARN_COMMA = YES;
				CLANG_WARN_CONSTANT_CONVERSION = YES;
				CLANG_WARN_DEPRECATED_OBJC_IMPLEMENTATIONS = YES;
				CLANG_WARN_DIRECT_OBJC_ISA_USAGE = YES_ERROR;
				CLANG_WARN_DOCUMENTATION_COMMENTS = YES;
				CLANG_WARN_EMPTY_BODY = YES;
				CLANG_WARN_ENUM_CONVERSION = YES;
				CLANG_WARN_INFINITE_RECURSION = YES;
				CLANG_WARN_INT_CONVERSION = YES;
				CLANG_WARN_NON_LITERAL_NULL_CONVERSION = YES;
				CLANG_WARN_OBJC_IMPLICIT_RETAIN_SELF = YES;
				CLANG_WARN_OBJC_LITERAL_CONVERSION = YES;
				CLANG_WARN_OBJC_ROOT_CLASS = YES_ERROR;
				CLANG_WARN_QUOTED_INCLUDE_IN_FRAMEWORK_HEADER = YES;
				CLANG_WARN_RANGE_LOOP_ANALYSIS = YES;
				CLANG_WARN_STRICT_PROTOTYPES = YES;
				CLANG_WARN_SUSPICIOUS_MOVE = YES;
				CLANG_WARN_UNGUARDED_AVAILABILITY = YES_AGGRESSIVE;
				CLANG_WARN_UNREACHABLE_CODE = YES;
				CLANG_WARN__DUPLICATE_METHOD_MATCH = YES;
				COPY_PHASE_STRIP = NO;
				DEBUG_INFORMATION_FORMAT = dwarf;
				ENABLE_STRICT_OBJC_MSGSEND = YES;
				ENABLE_TESTABILITY = YES;
				GCC_C_LANGUAGE_STANDARD = gnu11;
				GCC_DYNAMIC_NO_PIC = NO;
				GCC_NO_COMMON_BLOCKS = YES;
				GCC_OPTIMIZATION_LEVEL = 0;
				GCC_PREPROCESSOR_DEFINITIONS = (
					"DEBUG=1",
					"$(inherited)",
				);
				GCC_WARN_64_TO_32_BIT_CONVERSION = YES;
				GCC_WARN_ABOUT_RETURN_TYPE = YES_ERROR;
				GCC_WARN_UNDECLARED_SELECTOR = YES;
				GCC_WARN_UNINITIALIZED_AUTOS = YES_AGGRESSIVE;
				GCC_WARN_UNUSED_FUNCTION = YES;
				GCC_WARN_UNUSED_VARIABLE = YES;
				IPHONEOS_DEPLOYMENT_TARGET = 14.2;
				MTL_ENABLE_DEBUG_INFO = INCLUDE_SOURCE;
				MTL_FAST_MATH = YES;
				ONLY_ACTIVE_ARCH = YES;
				SDKROOT = iphoneos;
				SWIFT_ACTIVE_COMPILATION_CONDITIONS = DEBUG;
				SWIFT_OPTIMIZATION_LEVEL = "-Onone";
			};
			name = Debug;
		};
		048C13E326074A3600EBCF95 /* Release */ = {
			isa = XCBuildConfiguration;
			buildSettings = {
				ALWAYS_SEARCH_USER_PATHS = NO;
				CLANG_ANALYZER_NONNULL = YES;
				CLANG_ANALYZER_NUMBER_OBJECT_CONVERSION = YES_AGGRESSIVE;
				CLANG_CXX_LANGUAGE_STANDARD = "gnu++14";
				CLANG_CXX_LIBRARY = "libc++";
				CLANG_ENABLE_MODULES = YES;
				CLANG_ENABLE_OBJC_ARC = YES;
				CLANG_ENABLE_OBJC_WEAK = YES;
				CLANG_WARN_BLOCK_CAPTURE_AUTORELEASING = YES;
				CLANG_WARN_BOOL_CONVERSION = YES;
				CLANG_WARN_COMMA = YES;
				CLANG_WARN_CONSTANT_CONVERSION = YES;
				CLANG_WARN_DEPRECATED_OBJC_IMPLEMENTATIONS = YES;
				CLANG_WARN_DIRECT_OBJC_ISA_USAGE = YES_ERROR;
				CLANG_WARN_DOCUMENTATION_COMMENTS = YES;
				CLANG_WARN_EMPTY_BODY = YES;
				CLANG_WARN_ENUM_CONVERSION = YES;
				CLANG_WARN_INFINITE_RECURSION = YES;
				CLANG_WARN_INT_CONVERSION = YES;
				CLANG_WARN_NON_LITERAL_NULL_CONVERSION = YES;
				CLANG_WARN_OBJC_IMPLICIT_RETAIN_SELF = YES;
				CLANG_WARN_OBJC_LITERAL_CONVERSION = YES;
				CLANG_WARN_OBJC_ROOT_CLASS = YES_ERROR;
				CLANG_WARN_QUOTED_INCLUDE_IN_FRAMEWORK_HEADER = YES;
				CLANG_WARN_RANGE_LOOP_ANALYSIS = YES;
				CLANG_WARN_STRICT_PROTOTYPES = YES;
				CLANG_WARN_SUSPICIOUS_MOVE = YES;
				CLANG_WARN_UNGUARDED_AVAILABILITY = YES_AGGRESSIVE;
				CLANG_WARN_UNREACHABLE_CODE = YES;
				CLANG_WARN__DUPLICATE_METHOD_MATCH = YES;
				COPY_PHASE_STRIP = NO;
				DEBUG_INFORMATION_FORMAT = "dwarf-with-dsym";
				ENABLE_NS_ASSERTIONS = NO;
				ENABLE_STRICT_OBJC_MSGSEND = YES;
				GCC_C_LANGUAGE_STANDARD = gnu11;
				GCC_NO_COMMON_BLOCKS = YES;
				GCC_WARN_64_TO_32_BIT_CONVERSION = YES;
				GCC_WARN_ABOUT_RETURN_TYPE = YES_ERROR;
				GCC_WARN_UNDECLARED_SELECTOR = YES;
				GCC_WARN_UNINITIALIZED_AUTOS = YES_AGGRESSIVE;
				GCC_WARN_UNUSED_FUNCTION = YES;
				GCC_WARN_UNUSED_VARIABLE = YES;
				IPHONEOS_DEPLOYMENT_TARGET = 14.2;
				MTL_ENABLE_DEBUG_INFO = NO;
				MTL_FAST_MATH = YES;
				SDKROOT = iphoneos;
				SWIFT_COMPILATION_MODE = wholemodule;
				SWIFT_OPTIMIZATION_LEVEL = "-O";
				VALIDATE_PRODUCT = YES;
			};
			name = Release;
		};
		048C13E526074A3600EBCF95 /* Debug */ = {
			isa = XCBuildConfiguration;
			buildSettings = {
				ASSETCATALOG_COMPILER_APPICON_NAME = AppIcon;
				ASSETCATALOG_COMPILER_GLOBAL_ACCENT_COLOR_NAME = AccentColor;
				CODE_SIGN_STYLE = Automatic;
				DEVELOPMENT_ASSET_PATHS = "\"BookWorm_2_/Preview Content\"";
				DEVELOPMENT_TEAM = YHZVJQ792Q;
				ENABLE_PREVIEWS = YES;
				INFOPLIST_FILE = BookWorm_2_/Info.plist;
				IPHONEOS_DEPLOYMENT_TARGET = 14.0;
				LD_RUNPATH_SEARCH_PATHS = (
					"$(inherited)",
					"@executable_path/Frameworks",
				);
				PRODUCT_BUNDLE_IDENTIFIER = "com.blacenova.BookWorm-2-";
				PRODUCT_NAME = "$(TARGET_NAME)";
				SWIFT_VERSION = 5.0;
				TARGETED_DEVICE_FAMILY = "1,2";
			};
			name = Debug;
		};
		048C13E626074A3600EBCF95 /* Release */ = {
			isa = XCBuildConfiguration;
			buildSettings = {
				ASSETCATALOG_COMPILER_APPICON_NAME = AppIcon;
				ASSETCATALOG_COMPILER_GLOBAL_ACCENT_COLOR_NAME = AccentColor;
				CODE_SIGN_STYLE = Automatic;
				DEVELOPMENT_ASSET_PATHS = "\"BookWorm_2_/Preview Content\"";
				DEVELOPMENT_TEAM = YHZVJQ792Q;
				ENABLE_PREVIEWS = YES;
				INFOPLIST_FILE = BookWorm_2_/Info.plist;
				IPHONEOS_DEPLOYMENT_TARGET = 14.0;
				LD_RUNPATH_SEARCH_PATHS = (
					"$(inherited)",
					"@executable_path/Frameworks",
				);
				PRODUCT_BUNDLE_IDENTIFIER = "com.blacenova.BookWorm-2-";
				PRODUCT_NAME = "$(TARGET_NAME)";
				SWIFT_VERSION = 5.0;
				TARGETED_DEVICE_FAMILY = "1,2";
			};
			name = Release;
		};
/* End XCBuildConfiguration section */

/* Begin XCConfigurationList section */
		048C13D026074A3500EBCF95 /* Build configuration list for PBXProject "BookWorm_2_" */ = {
			isa = XCConfigurationList;
			buildConfigurations = (
				048C13E226074A3600EBCF95 /* Debug */,
				048C13E326074A3600EBCF95 /* Release */,
			);
			defaultConfigurationIsVisible = 0;
			defaultConfigurationName = Release;
		};
		048C13E426074A3600EBCF95 /* Build configuration list for PBXNativeTarget "BookWorm_2_" */ = {
			isa = XCConfigurationList;
			buildConfigurations = (
				048C13E526074A3600EBCF95 /* Debug */,
				048C13E626074A3600EBCF95 /* Release */,
			);
			defaultConfigurationIsVisible = 0;
			defaultConfigurationName = Release;
		};
/* End XCConfigurationList section */

/* Begin XCVersionGroup section */
		048C13E826074B3800EBCF95 /* BookWorm.xcdatamodeld */ = {
			isa = XCVersionGroup;
			children = (
				048C13E926074B3800EBCF95 /* BookWorm.xcdatamodel */,
			);
			currentVersion = 048C13E926074B3800EBCF95 /* BookWorm.xcdatamodel */;
			path = BookWorm.xcdatamodeld;
			sourceTree = "<group>";
			versionGroupType = wrapper.xcdatamodel;
		};
/* End XCVersionGroup section */
	};
	rootObject = 048C13CD26074A3500EBCF95 /* Project object */;
}
