// !$*UTF8*$!
{
	archiveVersion = 1;
	classes = {
	};
	objectVersion = 50;
	objects = {

/* Begin PBXBuildFile section */
		0419ED5D262DD539001173A7 /* SIdeBySideViews.swift in Sources */ = {isa = PBXBuildFile; fileRef = 0419ED5C262DD539001173A7 /* SIdeBySideViews.swift */; };
		0419ED5E262DD539001173A7 /* SIdeBySideViews.swift in Sources */ = {isa = PBXBuildFile; fileRef = 0419ED5C262DD539001173A7 /* SIdeBySideViews.swift */; };
		0419ED6C262DD842001173A7 /* AlertAndSheetWithOptionals.swift in Sources */ = {isa = PBXBuildFile; fileRef = 0419ED6B262DD842001173A7 /* AlertAndSheetWithOptionals.swift */; };
		0419ED6D262DD842001173A7 /* AlertAndSheetWithOptionals.swift in Sources */ = {isa = PBXBuildFile; fileRef = 0419ED6B262DD842001173A7 /* AlertAndSheetWithOptionals.swift */; };
		0419ED7B262DDAA3001173A7 /* TransparentLayoutContainersUsingGroups.swift in Sources */ = {isa = PBXBuildFile; fileRef = 0419ED7A262DDAA3001173A7 /* TransparentLayoutContainersUsingGroups.swift */; };
		0419ED7C262DDAA3001173A7 /* TransparentLayoutContainersUsingGroups.swift in Sources */ = {isa = PBXBuildFile; fileRef = 0419ED7A262DDAA3001173A7 /* TransparentLayoutContainersUsingGroups.swift */; };
		04D8CE61262C5805006DC15A /* Project_19_1App.swift in Sources */ = {isa = PBXBuildFile; fileRef = 04D8CE38262C5803006DC15A /* Project_19_1App.swift */; };
		04D8CE62262C5805006DC15A /* Project_19_1App.swift in Sources */ = {isa = PBXBuildFile; fileRef = 04D8CE38262C5803006DC15A /* Project_19_1App.swift */; };
		04D8CE63262C5805006DC15A /* ContentView.swift in Sources */ = {isa = PBXBuildFile; fileRef = 04D8CE39262C5803006DC15A /* ContentView.swift */; };
		04D8CE64262C5805006DC15A /* ContentView.swift in Sources */ = {isa = PBXBuildFile; fileRef = 04D8CE39262C5803006DC15A /* ContentView.swift */; };
		04D8CE65262C5805006DC15A /* Assets.xcassets in Resources */ = {isa = PBXBuildFile; fileRef = 04D8CE3A262C5805006DC15A /* Assets.xcassets */; };
		04D8CE66262C5805006DC15A /* Assets.xcassets in Resources */ = {isa = PBXBuildFile; fileRef = 04D8CE3A262C5805006DC15A /* Assets.xcassets */; };
/* End PBXBuildFile section */

/* Begin PBXContainerItemProxy section */
		04D8CE50262C5805006DC15A /* PBXContainerItemProxy */ = {
			isa = PBXContainerItemProxy;
			containerPortal = 04D8CE33262C5802006DC15A /* Project object */;
			proxyType = 1;
			remoteGlobalIDString = 04D8CE3E262C5805006DC15A;
			remoteInfo = "Project_19_1 (iOS)";
		};
		04D8CE5B262C5805006DC15A /* PBXContainerItemProxy */ = {
			isa = PBXContainerItemProxy;
			containerPortal = 04D8CE33262C5802006DC15A /* Project object */;
			proxyType = 1;
			remoteGlobalIDString = 04D8CE46262C5805006DC15A;
			remoteInfo = "Project_19_1 (macOS)";
		};
/* End PBXContainerItemProxy section */

/* Begin PBXFileReference section */
		0419ED5C262DD539001173A7 /* SIdeBySideViews.swift */ = {isa = PBXFileReference; lastKnownFileType = sourcecode.swift; path = SIdeBySideViews.swift; sourceTree = "<group>"; };
		0419ED6B262DD842001173A7 /* AlertAndSheetWithOptionals.swift */ = {isa = PBXFileReference; lastKnownFileType = sourcecode.swift; path = AlertAndSheetWithOptionals.swift; sourceTree = "<group>"; };
		0419ED7A262DDAA3001173A7 /* TransparentLayoutContainersUsingGroups.swift */ = {isa = PBXFileReference; lastKnownFileType = sourcecode.swift; path = TransparentLayoutContainersUsingGroups.swift; sourceTree = "<group>"; };
		04D8CE38262C5803006DC15A /* Project_19_1App.swift */ = {isa = PBXFileReference; lastKnownFileType = sourcecode.swift; path = Project_19_1App.swift; sourceTree = "<group>"; };
		04D8CE39262C5803006DC15A /* ContentView.swift */ = {isa = PBXFileReference; lastKnownFileType = sourcecode.swift; path = ContentView.swift; sourceTree = "<group>"; };
		04D8CE3A262C5805006DC15A /* Assets.xcassets */ = {isa = PBXFileReference; lastKnownFileType = folder.assetcatalog; path = Assets.xcassets; sourceTree = "<group>"; };
		04D8CE3F262C5805006DC15A /* Project_19_1.app */ = {isa = PBXFileReference; explicitFileType = wrapper.application; includeInIndex = 0; path = Project_19_1.app; sourceTree = BUILT_PRODUCTS_DIR; };
		04D8CE42262C5805006DC15A /* Info.plist */ = {isa = PBXFileReference; lastKnownFileType = text.plist.xml; path = Info.plist; sourceTree = "<group>"; };
		04D8CE47262C5805006DC15A /* Project_19_1.app */ = {isa = PBXFileReference; explicitFileType = wrapper.application; includeInIndex = 0; path = Project_19_1.app; sourceTree = BUILT_PRODUCTS_DIR; };
		04D8CE4F262C5805006DC15A /* Tests iOS.xctest */ = {isa = PBXFileReference; explicitFileType = wrapper.cfbundle; includeInIndex = 0; path = "Tests iOS.xctest"; sourceTree = BUILT_PRODUCTS_DIR; };
		04D8CE5A262C5805006DC15A /* Tests macOS.xctest */ = {isa = PBXFileReference; explicitFileType = wrapper.cfbundle; includeInIndex = 0; path = "Tests macOS.xctest"; sourceTree = BUILT_PRODUCTS_DIR; };
/* End PBXFileReference section */

/* Begin PBXFrameworksBuildPhase section */
		04D8CE3C262C5805006DC15A /* Frameworks */ = {
			isa = PBXFrameworksBuildPhase;
			buildActionMask = 2147483647;
			files = (
			);
			runOnlyForDeploymentPostprocessing = 0;
		};
		04D8CE44262C5805006DC15A /* Frameworks */ = {
			isa = PBXFrameworksBuildPhase;
			buildActionMask = 2147483647;
			files = (
			);
			runOnlyForDeploymentPostprocessing = 0;
		};
		04D8CE4C262C5805006DC15A /* Frameworks */ = {
			isa = PBXFrameworksBuildPhase;
			buildActionMask = 2147483647;
			files = (
			);
			runOnlyForDeploymentPostprocessing = 0;
		};
		04D8CE57262C5805006DC15A /* Frameworks */ = {
			isa = PBXFrameworksBuildPhase;
			buildActionMask = 2147483647;
			files = (
			);
			runOnlyForDeploymentPostprocessing = 0;
		};
/* End PBXFrameworksBuildPhase section */

/* Begin PBXGroup section */
		04D8CE32262C5802006DC15A = {
			isa = PBXGroup;
			children = (
				04D8CE37262C5803006DC15A /* Shared */,
				04D8CE41262C5805006DC15A /* iOS */,
				04D8CE40262C5805006DC15A /* Products */,
			);
			sourceTree = "<group>";
		};
		04D8CE37262C5803006DC15A /* Shared */ = {
			isa = PBXGroup;
			children = (
				04D8CE38262C5803006DC15A /* Project_19_1App.swift */,
				04D8CE39262C5803006DC15A /* ContentView.swift */,
				0419ED5C262DD539001173A7 /* SIdeBySideViews.swift */,
				0419ED6B262DD842001173A7 /* AlertAndSheetWithOptionals.swift */,
				0419ED7A262DDAA3001173A7 /* TransparentLayoutContainersUsingGroups.swift */,
				04D8CE3A262C5805006DC15A /* Assets.xcassets */,
			);
			path = Shared;
			sourceTree = "<group>";
		};
		04D8CE40262C5805006DC15A /* Products */ = {
			isa = PBXGroup;
			children = (
				04D8CE3F262C5805006DC15A /* Project_19_1.app */,
				04D8CE47262C5805006DC15A /* Project_19_1.app */,
				04D8CE4F262C5805006DC15A /* Tests iOS.xctest */,
				04D8CE5A262C5805006DC15A /* Tests macOS.xctest */,
			);
			name = Products;
			sourceTree = "<group>";
		};
		04D8CE41262C5805006DC15A /* iOS */ = {
			isa = PBXGroup;
			children = (
				04D8CE42262C5805006DC15A /* Info.plist */,
			);
			path = iOS;
			sourceTree = "<group>";
		};
/* End PBXGroup section */

/* Begin PBXNativeTarget section */
		04D8CE3E262C5805006DC15A /* Project_19_1 (iOS) */ = {
			isa = PBXNativeTarget;
			buildConfigurationList = 04D8CE69262C5805006DC15A /* Build configuration list for PBXNativeTarget "Project_19_1 (iOS)" */;
			buildPhases = (
				04D8CE3B262C5805006DC15A /* Sources */,
				04D8CE3C262C5805006DC15A /* Frameworks */,
				04D8CE3D262C5805006DC15A /* Resources */,
			);
			buildRules = (
			);
			dependencies = (
			);
			name = "Project_19_1 (iOS)";
			productName = "Project_19_1 (iOS)";
			productReference = 04D8CE3F262C5805006DC15A /* Project_19_1.app */;
			productType = "com.apple.product-type.application";
		};
		04D8CE46262C5805006DC15A /* Project_19_1 (macOS) */ = {
			isa = PBXNativeTarget;
			buildConfigurationList = 04D8CE6C262C5805006DC15A /* Build configuration list for PBXNativeTarget "Project_19_1 (macOS)" */;
			buildPhases = (
				04D8CE43262C5805006DC15A /* Sources */,
				04D8CE44262C5805006DC15A /* Frameworks */,
				04D8CE45262C5805006DC15A /* Resources */,
			);
			buildRules = (
			);
			dependencies = (
			);
			name = "Project_19_1 (macOS)";
			productName = "Project_19_1 (macOS)";
			productReference = 04D8CE47262C5805006DC15A /* Project_19_1.app */;
			productType = "com.apple.product-type.application";
		};
		04D8CE4E262C5805006DC15A /* Tests iOS */ = {
			isa = PBXNativeTarget;
			buildConfigurationList = 04D8CE6F262C5805006DC15A /* Build configuration list for PBXNativeTarget "Tests iOS" */;
			buildPhases = (
				04D8CE4B262C5805006DC15A /* Sources */,
				04D8CE4C262C5805006DC15A /* Frameworks */,
				04D8CE4D262C5805006DC15A /* Resources */,
			);
			buildRules = (
			);
			dependencies = (
				04D8CE51262C5805006DC15A /* PBXTargetDependency */,
			);
			name = "Tests iOS";
			productName = "Tests iOS";
			productReference = 04D8CE4F262C5805006DC15A /* Tests iOS.xctest */;
			productType = "com.apple.product-type.bundle.ui-testing";
		};
		04D8CE59262C5805006DC15A /* Tests macOS */ = {
			isa = PBXNativeTarget;
			buildConfigurationList = 04D8CE72262C5805006DC15A /* Build configuration list for PBXNativeTarget "Tests macOS" */;
			buildPhases = (
				04D8CE56262C5805006DC15A /* Sources */,
				04D8CE57262C5805006DC15A /* Frameworks */,
				04D8CE58262C5805006DC15A /* Resources */,
			);
			buildRules = (
			);
			dependencies = (
				04D8CE5C262C5805006DC15A /* PBXTargetDependency */,
			);
			name = "Tests macOS";
			productName = "Tests macOS";
			productReference = 04D8CE5A262C5805006DC15A /* Tests macOS.xctest */;
			productType = "com.apple.product-type.bundle.ui-testing";
		};
/* End PBXNativeTarget section */

/* Begin PBXProject section */
		04D8CE33262C5802006DC15A /* Project object */ = {
			isa = PBXProject;
			attributes = {
				LastSwiftUpdateCheck = 1240;
				LastUpgradeCheck = 1240;
				TargetAttributes = {
					04D8CE3E262C5805006DC15A = {
						CreatedOnToolsVersion = 12.4;
					};
					04D8CE46262C5805006DC15A = {
						CreatedOnToolsVersion = 12.4;
					};
					04D8CE4E262C5805006DC15A = {
						CreatedOnToolsVersion = 12.4;
						TestTargetID = 04D8CE3E262C5805006DC15A;
					};
					04D8CE59262C5805006DC15A = {
						CreatedOnToolsVersion = 12.4;
						TestTargetID = 04D8CE46262C5805006DC15A;
					};
				};
			};
			buildConfigurationList = 04D8CE36262C5802006DC15A /* Build configuration list for PBXProject "Project_19_1" */;
			compatibilityVersion = "Xcode 9.3";
			developmentRegion = en;
			hasScannedForEncodings = 0;
			knownRegions = (
				en,
				Base,
			);
			mainGroup = 04D8CE32262C5802006DC15A;
			productRefGroup = 04D8CE40262C5805006DC15A /* Products */;
			projectDirPath = "";
			projectRoot = "";
			targets = (
				04D8CE3E262C5805006DC15A /* Project_19_1 (iOS) */,
				04D8CE46262C5805006DC15A /* Project_19_1 (macOS) */,
				04D8CE4E262C5805006DC15A /* Tests iOS */,
				04D8CE59262C5805006DC15A /* Tests macOS */,
			);
		};
/* End PBXProject section */

/* Begin PBXResourcesBuildPhase section */
		04D8CE3D262C5805006DC15A /* Resources */ = {
			isa = PBXResourcesBuildPhase;
			buildActionMask = 2147483647;
			files = (
				04D8CE65262C5805006DC15A /* Assets.xcassets in Resources */,
			);
			runOnlyForDeploymentPostprocessing = 0;
		};
		04D8CE45262C5805006DC15A /* Resources */ = {
			isa = PBXResourcesBuildPhase;
			buildActionMask = 2147483647;
			files = (
				04D8CE66262C5805006DC15A /* Assets.xcassets in Resources */,
			);
			runOnlyForDeploymentPostprocessing = 0;
		};
		04D8CE4D262C5805006DC15A /* Resources */ = {
			isa = PBXResourcesBuildPhase;
			buildActionMask = 2147483647;
			files = (
			);
			runOnlyForDeploymentPostprocessing = 0;
		};
		04D8CE58262C5805006DC15A /* Resources */ = {
			isa = PBXResourcesBuildPhase;
			buildActionMask = 2147483647;
			files = (
			);
			runOnlyForDeploymentPostprocessing = 0;
		};
/* End PBXResourcesBuildPhase section */

/* Begin PBXSourcesBuildPhase section */
		04D8CE3B262C5805006DC15A /* Sources */ = {
			isa = PBXSourcesBuildPhase;
			buildActionMask = 2147483647;
			files = (
				0419ED7B262DDAA3001173A7 /* TransparentLayoutContainersUsingGroups.swift in Sources */,
				04D8CE63262C5805006DC15A /* ContentView.swift in Sources */,
				0419ED6C262DD842001173A7 /* AlertAndSheetWithOptionals.swift in Sources */,
				0419ED5D262DD539001173A7 /* SIdeBySideViews.swift in Sources */,
				04D8CE61262C5805006DC15A /* Project_19_1App.swift in Sources */,
			);
			runOnlyForDeploymentPostprocessing = 0;
		};
		04D8CE43262C5805006DC15A /* Sources */ = {
			isa = PBXSourcesBuildPhase;
			buildActionMask = 2147483647;
			files = (
				0419ED7C262DDAA3001173A7 /* TransparentLayoutContainersUsingGroups.swift in Sources */,
				04D8CE64262C5805006DC15A /* ContentView.swift in Sources */,
				0419ED6D262DD842001173A7 /* AlertAndSheetWithOptionals.swift in Sources */,
				0419ED5E262DD539001173A7 /* SIdeBySideViews.swift in Sources */,
				04D8CE62262C5805006DC15A /* Project_19_1App.swift in Sources */,
			);
			runOnlyForDeploymentPostprocessing = 0;
		};
		04D8CE4B262C5805006DC15A /* Sources */ = {
			isa = PBXSourcesBuildPhase;
			buildActionMask = 2147483647;
			files = (
			);
			runOnlyForDeploymentPostprocessing = 0;
		};
		04D8CE56262C5805006DC15A /* Sources */ = {
			isa = PBXSourcesBuildPhase;
			buildActionMask = 2147483647;
			files = (
			);
			runOnlyForDeploymentPostprocessing = 0;
		};
/* End PBXSourcesBuildPhase section */

/* Begin PBXTargetDependency section */
		04D8CE51262C5805006DC15A /* PBXTargetDependency */ = {
			isa = PBXTargetDependency;
			target = 04D8CE3E262C5805006DC15A /* Project_19_1 (iOS) */;
			targetProxy = 04D8CE50262C5805006DC15A /* PBXContainerItemProxy */;
		};
		04D8CE5C262C5805006DC15A /* PBXTargetDependency */ = {
			isa = PBXTargetDependency;
			target = 04D8CE46262C5805006DC15A /* Project_19_1 (macOS) */;
			targetProxy = 04D8CE5B262C5805006DC15A /* PBXContainerItemProxy */;
		};
/* End PBXTargetDependency section */

/* Begin XCBuildConfiguration section */
		04D8CE67262C5805006DC15A /* Debug */ = {
			isa = XCBuildConfiguration;
			buildSettings = {
				ALWAYS_SEARCH_USER_PATHS = NO;
				CLANG_ANALYZER_NONNULL = YES;
				CLANG_ANALYZER_NUMBER_OBJECT_CONVERSION = YES_AGGRESSIVE;
				CLANG_CXX_LANGUAGE_STANDARD = "gnu++14";
				CLANG_CXX_LIBRARY = "libc++";
				CLANG_ENABLE_MODULES = YES;
				CLANG_ENABLE_OBJC_ARC = YES;
				CLANG_ENABLE_OBJC_WEAK = YES;
				CLANG_WARN_BLOCK_CAPTURE_AUTORELEASING = YES;
				CLANG_WARN_BOOL_CONVERSION = YES;
				CLANG_WARN_COMMA = YES;
				CLANG_WARN_CONSTANT_CONVERSION = YES;
				CLANG_WARN_DEPRECATED_OBJC_IMPLEMENTATIONS = YES;
				CLANG_WARN_DIRECT_OBJC_ISA_USAGE = YES_ERROR;
				CLANG_WARN_DOCUMENTATION_COMMENTS = YES;
				CLANG_WARN_EMPTY_BODY = YES;
				CLANG_WARN_ENUM_CONVERSION = YES;
				CLANG_WARN_INFINITE_RECURSION = YES;
				CLANG_WARN_INT_CONVERSION = YES;
				CLANG_WARN_NON_LITERAL_NULL_CONVERSION = YES;
				CLANG_WARN_OBJC_IMPLICIT_RETAIN_SELF = YES;
				CLANG_WARN_OBJC_LITERAL_CONVERSION = YES;
				CLANG_WARN_OBJC_ROOT_CLASS = YES_ERROR;
				CLANG_WARN_QUOTED_INCLUDE_IN_FRAMEWORK_HEADER = YES;
				CLANG_WARN_RANGE_LOOP_ANALYSIS = YES;
				CLANG_WARN_STRICT_PROTOTYPES = YES;
				CLANG_WARN_SUSPICIOUS_MOVE = YES;
				CLANG_WARN_UNGUARDED_AVAILABILITY = YES_AGGRESSIVE;
				CLANG_WARN_UNREACHABLE_CODE = YES;
				CLANG_WARN__DUPLICATE_METHOD_MATCH = YES;
				COPY_PHASE_STRIP = NO;
				DEBUG_INFORMATION_FORMAT = dwarf;
				ENABLE_STRICT_OBJC_MSGSEND = YES;
				ENABLE_TESTABILITY = YES;
				GCC_C_LANGUAGE_STANDARD = gnu11;
				GCC_DYNAMIC_NO_PIC = NO;
				GCC_NO_COMMON_BLOCKS = YES;
				GCC_OPTIMIZATION_LEVEL = 0;
				GCC_PREPROCESSOR_DEFINITIONS = (
					"DEBUG=1",
					"$(inherited)",
				);
				GCC_WARN_64_TO_32_BIT_CONVERSION = YES;
				GCC_WARN_ABOUT_RETURN_TYPE = YES_ERROR;
				GCC_WARN_UNDECLARED_SELECTOR = YES;
				GCC_WARN_UNINITIALIZED_AUTOS = YES_AGGRESSIVE;
				GCC_WARN_UNUSED_FUNCTION = YES;
				GCC_WARN_UNUSED_VARIABLE = YES;
				MTL_ENABLE_DEBUG_INFO = INCLUDE_SOURCE;
				MTL_FAST_MATH = YES;
				ONLY_ACTIVE_ARCH = YES;
				SWIFT_ACTIVE_COMPILATION_CONDITIONS = DEBUG;
				SWIFT_OPTIMIZATION_LEVEL = "-Onone";
			};
			name = Debug;
		};
		04D8CE68262C5805006DC15A /* Release */ = {
			isa = XCBuildConfiguration;
			buildSettings = {
				ALWAYS_SEARCH_USER_PATHS = NO;
				CLANG_ANALYZER_NONNULL = YES;
				CLANG_ANALYZER_NUMBER_OBJECT_CONVERSION = YES_AGGRESSIVE;
				CLANG_CXX_LANGUAGE_STANDARD = "gnu++14";
				CLANG_CXX_LIBRARY = "libc++";
				CLANG_ENABLE_MODULES = YES;
				CLANG_ENABLE_OBJC_ARC = YES;
				CLANG_ENABLE_OBJC_WEAK = YES;
				CLANG_WARN_BLOCK_CAPTURE_AUTORELEASING = YES;
				CLANG_WARN_BOOL_CONVERSION = YES;
				CLANG_WARN_COMMA = YES;
				CLANG_WARN_CONSTANT_CONVERSION = YES;
				CLANG_WARN_DEPRECATED_OBJC_IMPLEMENTATIONS = YES;
				CLANG_WARN_DIRECT_OBJC_ISA_USAGE = YES_ERROR;
				CLANG_WARN_DOCUMENTATION_COMMENTS = YES;
				CLANG_WARN_EMPTY_BODY = YES;
				CLANG_WARN_ENUM_CONVERSION = YES;
				CLANG_WARN_INFINITE_RECURSION = YES;
				CLANG_WARN_INT_CONVERSION = YES;
				CLANG_WARN_NON_LITERAL_NULL_CONVERSION = YES;
				CLANG_WARN_OBJC_IMPLICIT_RETAIN_SELF = YES;
				CLANG_WARN_OBJC_LITERAL_CONVERSION = YES;
				CLANG_WARN_OBJC_ROOT_CLASS = YES_ERROR;
				CLANG_WARN_QUOTED_INCLUDE_IN_FRAMEWORK_HEADER = YES;
				CLANG_WARN_RANGE_LOOP_ANALYSIS = YES;
				CLANG_WARN_STRICT_PROTOTYPES = YES;
				CLANG_WARN_SUSPICIOUS_MOVE = YES;
				CLANG_WARN_UNGUARDED_AVAILABILITY = YES_AGGRESSIVE;
				CLANG_WARN_UNREACHABLE_CODE = YES;
				CLANG_WARN__DUPLICATE_METHOD_MATCH = YES;
				COPY_PHASE_STRIP = NO;
				DEBUG_INFORMATION_FORMAT = "dwarf-with-dsym";
				ENABLE_NS_ASSERTIONS = NO;
				ENABLE_STRICT_OBJC_MSGSEND = YES;
				GCC_C_LANGUAGE_STANDARD = gnu11;
				GCC_NO_COMMON_BLOCKS = YES;
				GCC_WARN_64_TO_32_BIT_CONVERSION = YES;
				GCC_WARN_ABOUT_RETURN_TYPE = YES_ERROR;
				GCC_WARN_UNDECLARED_SELECTOR = YES;
				GCC_WARN_UNINITIALIZED_AUTOS = YES_AGGRESSIVE;
				GCC_WARN_UNUSED_FUNCTION = YES;
				GCC_WARN_UNUSED_VARIABLE = YES;
				MTL_ENABLE_DEBUG_INFO = NO;
				MTL_FAST_MATH = YES;
				SWIFT_COMPILATION_MODE = wholemodule;
				SWIFT_OPTIMIZATION_LEVEL = "-O";
			};
			name = Release;
		};
		04D8CE6A262C5805006DC15A /* Debug */ = {
			isa = XCBuildConfiguration;
			buildSettings = {
				ASSETCATALOG_COMPILER_APPICON_NAME = AppIcon;
				ASSETCATALOG_COMPILER_GLOBAL_ACCENT_COLOR_NAME = AccentColor;
				CODE_SIGN_STYLE = Automatic;
				DEVELOPMENT_TEAM = YHZVJQ792Q;
				ENABLE_PREVIEWS = YES;
				INFOPLIST_FILE = iOS/Info.plist;
				IPHONEOS_DEPLOYMENT_TARGET = 14.0;
				LD_RUNPATH_SEARCH_PATHS = (
					"$(inherited)",
					"@executable_path/Frameworks",
				);
				PRODUCT_BUNDLE_IDENTIFIER = "com.blacenova.Project-19-1.Project-19-1";
				PRODUCT_NAME = Project_19_1;
				SDKROOT = iphoneos;
				SWIFT_VERSION = 5.0;
				TARGETED_DEVICE_FAMILY = "1,2";
			};
			name = Debug;
		};
		04D8CE6B262C5805006DC15A /* Release */ = {
			isa = XCBuildConfiguration;
			buildSettings = {
				ASSETCATALOG_COMPILER_APPICON_NAME = AppIcon;
				ASSETCATALOG_COMPILER_GLOBAL_ACCENT_COLOR_NAME = AccentColor;
				CODE_SIGN_STYLE = Automatic;
				DEVELOPMENT_TEAM = YHZVJQ792Q;
				ENABLE_PREVIEWS = YES;
				INFOPLIST_FILE = iOS/Info.plist;
				IPHONEOS_DEPLOYMENT_TARGET = 14.0;
				LD_RUNPATH_SEARCH_PATHS = (
					"$(inherited)",
					"@executable_path/Frameworks",
				);
				PRODUCT_BUNDLE_IDENTIFIER = "com.blacenova.Project-19-1.Project-19-1";
				PRODUCT_NAME = Project_19_1;
				SDKROOT = iphoneos;
				SWIFT_VERSION = 5.0;
				TARGETED_DEVICE_FAMILY = "1,2";
				VALIDATE_PRODUCT = YES;
			};
			name = Release;
		};
		04D8CE6D262C5805006DC15A /* Debug */ = {
			isa = XCBuildConfiguration;
			buildSettings = {
				ASSETCATALOG_COMPILER_APPICON_NAME = AppIcon;
				ASSETCATALOG_COMPILER_GLOBAL_ACCENT_COLOR_NAME = AccentColor;
				CODE_SIGN_ENTITLEMENTS = macOS/macOS.entitlements;
				CODE_SIGN_STYLE = Automatic;
				COMBINE_HIDPI_IMAGES = YES;
				DEVELOPMENT_TEAM = YHZVJQ792Q;
				ENABLE_HARDENED_RUNTIME = YES;
				ENABLE_PREVIEWS = YES;
				INFOPLIST_FILE = macOS/Info.plist;
				LD_RUNPATH_SEARCH_PATHS = (
					"$(inherited)",
					"@executable_path/../Frameworks",
				);
				MACOSX_DEPLOYMENT_TARGET = 11.0;
				PRODUCT_BUNDLE_IDENTIFIER = "com.blacenova.Project-19-1.Project-19-1";
				PRODUCT_NAME = Project_19_1;
				SDKROOT = macosx;
				SWIFT_VERSION = 5.0;
			};
			name = Debug;
		};
		04D8CE6E262C5805006DC15A /* Release */ = {
			isa = XCBuildConfiguration;
			buildSettings = {
				ASSETCATALOG_COMPILER_APPICON_NAME = AppIcon;
				ASSETCATALOG_COMPILER_GLOBAL_ACCENT_COLOR_NAME = AccentColor;
				CODE_SIGN_ENTITLEMENTS = macOS/macOS.entitlements;
				CODE_SIGN_STYLE = Automatic;
				COMBINE_HIDPI_IMAGES = YES;
				DEVELOPMENT_TEAM = YHZVJQ792Q;
				ENABLE_HARDENED_RUNTIME = YES;
				ENABLE_PREVIEWS = YES;
				INFOPLIST_FILE = macOS/Info.plist;
				LD_RUNPATH_SEARCH_PATHS = (
					"$(inherited)",
					"@executable_path/../Frameworks",
				);
				MACOSX_DEPLOYMENT_TARGET = 11.0;
				PRODUCT_BUNDLE_IDENTIFIER = "com.blacenova.Project-19-1.Project-19-1";
				PRODUCT_NAME = Project_19_1;
				SDKROOT = macosx;
				SWIFT_VERSION = 5.0;
			};
			name = Release;
		};
		04D8CE70262C5805006DC15A /* Debug */ = {
			isa = XCBuildConfiguration;
			buildSettings = {
				ALWAYS_EMBED_SWIFT_STANDARD_LIBRARIES = YES;
				CODE_SIGN_STYLE = Automatic;
				DEVELOPMENT_TEAM = YHZVJQ792Q;
				INFOPLIST_FILE = "Tests iOS/Info.plist";
				IPHONEOS_DEPLOYMENT_TARGET = 14.4;
				LD_RUNPATH_SEARCH_PATHS = (
					"$(inherited)",
					"@executable_path/Frameworks",
					"@loader_path/Frameworks",
				);
				PRODUCT_BUNDLE_IDENTIFIER = "com.blacenova.Project-19-1.Tests-iOS";
				PRODUCT_NAME = "$(TARGET_NAME)";
				SDKROOT = iphoneos;
				SWIFT_VERSION = 5.0;
				TARGETED_DEVICE_FAMILY = "1,2";
				TEST_TARGET_NAME = "Project_19_1 (iOS)";
			};
			name = Debug;
		};
		04D8CE71262C5805006DC15A /* Release */ = {
			isa = XCBuildConfiguration;
			buildSettings = {
				ALWAYS_EMBED_SWIFT_STANDARD_LIBRARIES = YES;
				CODE_SIGN_STYLE = Automatic;
				DEVELOPMENT_TEAM = YHZVJQ792Q;
				INFOPLIST_FILE = "Tests iOS/Info.plist";
				IPHONEOS_DEPLOYMENT_TARGET = 14.4;
				LD_RUNPATH_SEARCH_PATHS = (
					"$(inherited)",
					"@executable_path/Frameworks",
					"@loader_path/Frameworks",
				);
				PRODUCT_BUNDLE_IDENTIFIER = "com.blacenova.Project-19-1.Tests-iOS";
				PRODUCT_NAME = "$(TARGET_NAME)";
				SDKROOT = iphoneos;
				SWIFT_VERSION = 5.0;
				TARGETED_DEVICE_FAMILY = "1,2";
				TEST_TARGET_NAME = "Project_19_1 (iOS)";
				VALIDATE_PRODUCT = YES;
			};
			name = Release;
		};
		04D8CE73262C5805006DC15A /* Debug */ = {
			isa = XCBuildConfiguration;
			buildSettings = {
				ALWAYS_EMBED_SWIFT_STANDARD_LIBRARIES = YES;
				CODE_SIGN_STYLE = Automatic;
				COMBINE_HIDPI_IMAGES = YES;
				DEVELOPMENT_TEAM = YHZVJQ792Q;
				INFOPLIST_FILE = "Tests macOS/Info.plist";
				LD_RUNPATH_SEARCH_PATHS = (
					"$(inherited)",
					"@executable_path/../Frameworks",
					"@loader_path/../Frameworks",
				);
				MACOSX_DEPLOYMENT_TARGET = 11.1;
				PRODUCT_BUNDLE_IDENTIFIER = "com.blacenova.Project-19-1.Tests-macOS";
				PRODUCT_NAME = "$(TARGET_NAME)";
				SDKROOT = macosx;
				SWIFT_VERSION = 5.0;
				TEST_TARGET_NAME = "Project_19_1 (macOS)";
			};
			name = Debug;
		};
		04D8CE74262C5805006DC15A /* Release */ = {
			isa = XCBuildConfiguration;
			buildSettings = {
				ALWAYS_EMBED_SWIFT_STANDARD_LIBRARIES = YES;
				CODE_SIGN_STYLE = Automatic;
				COMBINE_HIDPI_IMAGES = YES;
				DEVELOPMENT_TEAM = YHZVJQ792Q;
				INFOPLIST_FILE = "Tests macOS/Info.plist";
				LD_RUNPATH_SEARCH_PATHS = (
					"$(inherited)",
					"@executable_path/../Frameworks",
					"@loader_path/../Frameworks",
				);
				MACOSX_DEPLOYMENT_TARGET = 11.1;
				PRODUCT_BUNDLE_IDENTIFIER = "com.blacenova.Project-19-1.Tests-macOS";
				PRODUCT_NAME = "$(TARGET_NAME)";
				SDKROOT = macosx;
				SWIFT_VERSION = 5.0;
				TEST_TARGET_NAME = "Project_19_1 (macOS)";
			};
			name = Release;
		};
/* End XCBuildConfiguration section */

/* Begin XCConfigurationList section */
		04D8CE36262C5802006DC15A /* Build configuration list for PBXProject "Project_19_1" */ = {
			isa = XCConfigurationList;
			buildConfigurations = (
				04D8CE67262C5805006DC15A /* Debug */,
				04D8CE68262C5805006DC15A /* Release */,
			);
			defaultConfigurationIsVisible = 0;
			defaultConfigurationName = Release;
		};
		04D8CE69262C5805006DC15A /* Build configuration list for PBXNativeTarget "Project_19_1 (iOS)" */ = {
			isa = XCConfigurationList;
			buildConfigurations = (
				04D8CE6A262C5805006DC15A /* Debug */,
				04D8CE6B262C5805006DC15A /* Release */,
			);
			defaultConfigurationIsVisible = 0;
			defaultConfigurationName = Release;
		};
		04D8CE6C262C5805006DC15A /* Build configuration list for PBXNativeTarget "Project_19_1 (macOS)" */ = {
			isa = XCConfigurationList;
			buildConfigurations = (
				04D8CE6D262C5805006DC15A /* Debug */,
				04D8CE6E262C5805006DC15A /* Release */,
			);
			defaultConfigurationIsVisible = 0;
			defaultConfigurationName = Release;
		};
		04D8CE6F262C5805006DC15A /* Build configuration list for PBXNativeTarget "Tests iOS" */ = {
			isa = XCConfigurationList;
			buildConfigurations = (
				04D8CE70262C5805006DC15A /* Debug */,
				04D8CE71262C5805006DC15A /* Release */,
			);
			defaultConfigurationIsVisible = 0;
			defaultConfigurationName = Release;
		};
		04D8CE72262C5805006DC15A /* Build configuration list for PBXNativeTarget "Tests macOS" */ = {
			isa = XCConfigurationList;
			buildConfigurations = (
				04D8CE73262C5805006DC15A /* Debug */,
				04D8CE74262C5805006DC15A /* Release */,
			);
			defaultConfigurationIsVisible = 0;
			defaultConfigurationName = Release;
		};
/* End XCConfigurationList section */
	};
	rootObject = 04D8CE33262C5802006DC15A /* Project object */;
}
